
Microsoft Visual Studio Solution File, Format Version 12.00
# Visual Studio Version 17
VisualStudioVersion = 17.1.32228.430
MinimumVisualStudioVersion = 10.0.40219.1
Project("{8BC9CEB8-8B4A-11D0-8D11-00A0C91BC942}") = "220811", "220811\220811.vcxproj", "{B1B5C551-25EC-447E-AF05-849B33A8E0B8}"
EndProject
Global
	GlobalSection(SolutionConfigurationPlatforms) = preSolution
		Debug|x64 = Debug|x64
		Debug|x86 = Debug|x86
		Release|x64 = Release|x64
		Release|x86 = Release|x86
	EndGlobalSection
	GlobalSection(ProjectConfigurationPlatforms) = postSolution
		{B1B5C551-25EC-447E-AF05-849B33A8E0B8}.Debug|x64.ActiveCfg = Debug|x64
		{B1B5C551-25EC-447E-AF05-849B33A8E0B8}.Debug|x64.Build.0 = Debug|x64
		{B1B5C551-25EC-447E-AF05-849B33A8E0B8}.Debug|x86.ActiveCfg = Debug|Win32
		{B1B5C551-25EC-447E-AF05-849B33A8E0B8}.Debug|x86.Build.0 = Debug|Win32
		{B1B5C551-25EC-447E-AF05-849B33A8E0B8}.Release|x64.ActiveCfg = Release|x64
		{B1B5C551-25EC-447E-AF05-849B33A8E0B8}.Release|x64.Build.0 = Release|x64
		{B1B5C551-25EC-447E-AF05-849B33A8E0B8}.Release|x86.ActiveCfg = Release|Win32
		{B1B5C551-25EC-447E-AF05-849B33A8E0B8}.Release|x86.Build.0 = Release|Win32
	EndGlobalSection
	GlobalSection(SolutionProperties) = preSolution
		HideSolutionNode = FALSE
	EndGlobalSection
	GlobalSection(ExtensibilityGlobals) = postSolution
		SolutionGuid = {8254AED6-0217-4FDE-8ACA-DF9F671C0554}
	EndGlobalSection
EndGlobal
